
Microsoft Visual Studio Solution File, Format Version 12.00
# Visual Studio 15
VisualStudioVersion = 15.0.27130.2027
MinimumVisualStudioVersion = 10.0.40219.1
Project("{FAE04EC0-301F-11D3-BF4B-00C04F79EFBC}") = "VTRPG.Core", "VTRPG.Core\VTRPG.Core.csproj", "{A6225E0E-5A57-4847-85FB-B6730DFCEBAD}"
EndProject
Project("{FAE04EC0-301F-11D3-BF4B-00C04F79EFBC}") = "VTRPG.ServerConsole", "VTRPG.ServerConsole\VTRPG.ServerConsole.csproj", "{8FA22C87-7C08-47B3-827F-B9B4AB9C68AF}"
EndProject
Project("{FAE04EC0-301F-11D3-BF4B-00C04F79EFBC}") = "VTRPG.SaveEditor", "VTRPG.SaveEditor\VTRPG.SaveEditor.csproj", "{0409EFF6-8A14-4CDA-B3D5-C9D93771D8DB}"
EndProject
Project("{9A19103F-16F7-4668-BE54-9A1E7A4F7556}") = "VTRPG.WebClient", "VTRPG.WebClient\VTRPG.WebClient.csproj", "{F0987021-C153-441F-AEA6-2A7801E441D8}"
EndProject
Project("{2150E333-8FDC-42A3-9474-1A3956D46DE8}") = "Tests", "Tests", "{158931DC-0940-4CB0-B19F-10E87F59E974}"
EndProject
Project("{FAE04EC0-301F-11D3-BF4B-00C04F79EFBC}") = "CoreTest", "CoreTest\CoreTest.csproj", "{40C104B3-286F-4B4C-9B62-8BDFB049F391}"
EndProject
Global
	GlobalSection(SolutionConfigurationPlatforms) = preSolution
		Debug|Any CPU = Debug|Any CPU
		Debug|x64 = Debug|x64
		Debug|x86 = Debug|x86
		Release|Any CPU = Release|Any CPU
		Release|x64 = Release|x64
		Release|x86 = Release|x86
	EndGlobalSection
	GlobalSection(ProjectConfigurationPlatforms) = postSolution
		{A6225E0E-5A57-4847-85FB-B6730DFCEBAD}.Debug|Any CPU.ActiveCfg = Debug|Any CPU
		{A6225E0E-5A57-4847-85FB-B6730DFCEBAD}.Debug|Any CPU.Build.0 = Debug|Any CPU
		{A6225E0E-5A57-4847-85FB-B6730DFCEBAD}.Debug|x64.ActiveCfg = Debug|x64
		{A6225E0E-5A57-4847-85FB-B6730DFCEBAD}.Debug|x64.Build.0 = Debug|x64
		{A6225E0E-5A57-4847-85FB-B6730DFCEBAD}.Debug|x86.ActiveCfg = Debug|x86
		{A6225E0E-5A57-4847-85FB-B6730DFCEBAD}.Debug|x86.Build.0 = Debug|x86
		{A6225E0E-5A57-4847-85FB-B6730DFCEBAD}.Release|Any CPU.ActiveCfg = Release|Any CPU
		{A6225E0E-5A57-4847-85FB-B6730DFCEBAD}.Release|Any CPU.Build.0 = Release|Any CPU
		{A6225E0E-5A57-4847-85FB-B6730DFCEBAD}.Release|x64.ActiveCfg = Release|x64
		{A6225E0E-5A57-4847-85FB-B6730DFCEBAD}.Release|x64.Build.0 = Release|x64
		{A6225E0E-5A57-4847-85FB-B6730DFCEBAD}.Release|x86.ActiveCfg = Release|x86
		{A6225E0E-5A57-4847-85FB-B6730DFCEBAD}.Release|x86.Build.0 = Release|x86
		{8FA22C87-7C08-47B3-827F-B9B4AB9C68AF}.Debug|Any CPU.ActiveCfg = Debug|Any CPU
		{8FA22C87-7C08-47B3-827F-B9B4AB9C68AF}.Debug|Any CPU.Build.0 = Debug|Any CPU
		{8FA22C87-7C08-47B3-827F-B9B4AB9C68AF}.Debug|x64.ActiveCfg = Debug|x64
		{8FA22C87-7C08-47B3-827F-B9B4AB9C68AF}.Debug|x64.Build.0 = Debug|x64
		{8FA22C87-7C08-47B3-827F-B9B4AB9C68AF}.Debug|x86.ActiveCfg = Debug|x86
		{8FA22C87-7C08-47B3-827F-B9B4AB9C68AF}.Debug|x86.Build.0 = Debug|x86
		{8FA22C87-7C08-47B3-827F-B9B4AB9C68AF}.Release|Any CPU.ActiveCfg = Release|Any CPU
		{8FA22C87-7C08-47B3-827F-B9B4AB9C68AF}.Release|Any CPU.Build.0 = Release|Any CPU
		{8FA22C87-7C08-47B3-827F-B9B4AB9C68AF}.Release|x64.ActiveCfg = Release|x64
		{8FA22C87-7C08-47B3-827F-B9B4AB9C68AF}.Release|x64.Build.0 = Release|x64
		{8FA22C87-7C08-47B3-827F-B9B4AB9C68AF}.Release|x86.ActiveCfg = Release|x86
		{8FA22C87-7C08-47B3-827F-B9B4AB9C68AF}.Release|x86.Build.0 = Release|x86
		{0409EFF6-8A14-4CDA-B3D5-C9D93771D8DB}.Debug|Any CPU.ActiveCfg = Debug|Any CPU
		{0409EFF6-8A14-4CDA-B3D5-C9D93771D8DB}.Debug|Any CPU.Build.0 = Debug|Any CPU
		{0409EFF6-8A14-4CDA-B3D5-C9D93771D8DB}.Debug|x64.ActiveCfg = Debug|x64
		{0409EFF6-8A14-4CDA-B3D5-C9D93771D8DB}.Debug|x64.Build.0 = Debug|x64
		{0409EFF6-8A14-4CDA-B3D5-C9D93771D8DB}.Debug|x86.ActiveCfg = Debug|x86
		{0409EFF6-8A14-4CDA-B3D5-C9D93771D8DB}.Debug|x86.Build.0 = Debug|x86
		{0409EFF6-8A14-4CDA-B3D5-C9D93771D8DB}.Release|Any CPU.ActiveCfg = Release|Any CPU
		{0409EFF6-8A14-4CDA-B3D5-C9D93771D8DB}.Release|Any CPU.Build.0 = Release|Any CPU
		{0409EFF6-8A14-4CDA-B3D5-C9D93771D8DB}.Release|x64.ActiveCfg = Release|x64
		{0409EFF6-8A14-4CDA-B3D5-C9D93771D8DB}.Release|x64.Build.0 = Release|x64
		{0409EFF6-8A14-4CDA-B3D5-C9D93771D8DB}.Release|x86.ActiveCfg = Release|x86
		{0409EFF6-8A14-4CDA-B3D5-C9D93771D8DB}.Release|x86.Build.0 = Release|x86
		{F0987021-C153-441F-AEA6-2A7801E441D8}.Debug|Any CPU.ActiveCfg = Debug|Any CPU
		{F0987021-C153-441F-AEA6-2A7801E441D8}.Debug|Any CPU.Build.0 = Debug|Any CPU
		{F0987021-C153-441F-AEA6-2A7801E441D8}.Debug|x64.ActiveCfg = Debug|x64
		{F0987021-C153-441F-AEA6-2A7801E441D8}.Debug|x64.Build.0 = Debug|x64
		{F0987021-C153-441F-AEA6-2A7801E441D8}.Debug|x86.ActiveCfg = Debug|x86
		{F0987021-C153-441F-AEA6-2A7801E441D8}.Debug|x86.Build.0 = Debug|x86
		{F0987021-C153-441F-AEA6-2A7801E441D8}.Release|Any CPU.ActiveCfg = Release|Any CPU
		{F0987021-C153-441F-AEA6-2A7801E441D8}.Release|Any CPU.Build.0 = Release|Any CPU
		{F0987021-C153-441F-AEA6-2A7801E441D8}.Release|x64.ActiveCfg = Release|x64
		{F0987021-C153-441F-AEA6-2A7801E441D8}.Release|x64.Build.0 = Release|x64
		{F0987021-C153-441F-AEA6-2A7801E441D8}.Release|x86.ActiveCfg = Release|x86
		{F0987021-C153-441F-AEA6-2A7801E441D8}.Release|x86.Build.0 = Release|x86
		{40C104B3-286F-4B4C-9B62-8BDFB049F391}.Debug|Any CPU.ActiveCfg = Debug|Any CPU
		{40C104B3-286F-4B4C-9B62-8BDFB049F391}.Debug|Any CPU.Build.0 = Debug|Any CPU
		{40C104B3-286F-4B4C-9B62-8BDFB049F391}.Debug|x64.ActiveCfg = Debug|Any CPU
		{40C104B3-286F-4B4C-9B62-8BDFB049F391}.Debug|x64.Build.0 = Debug|Any CPU
		{40C104B3-286F-4B4C-9B62-8BDFB049F391}.Debug|x86.ActiveCfg = Debug|Any CPU
		{40C104B3-286F-4B4C-9B62-8BDFB049F391}.Debug|x86.Build.0 = Debug|Any CPU
		{40C104B3-286F-4B4C-9B62-8BDFB049F391}.Release|Any CPU.ActiveCfg = Release|Any CPU
		{40C104B3-286F-4B4C-9B62-8BDFB049F391}.Release|x64.ActiveCfg = Release|Any CPU
		{40C104B3-286F-4B4C-9B62-8BDFB049F391}.Release|x64.Build.0 = Release|Any CPU
		{40C104B3-286F-4B4C-9B62-8BDFB049F391}.Release|x86.ActiveCfg = Release|Any CPU
		{40C104B3-286F-4B4C-9B62-8BDFB049F391}.Release|x86.Build.0 = Release|Any CPU
	EndGlobalSection
	GlobalSection(SolutionProperties) = preSolution
		HideSolutionNode = FALSE
	EndGlobalSection
	GlobalSection(NestedProjects) = preSolution
		{40C104B3-286F-4B4C-9B62-8BDFB049F391} = {158931DC-0940-4CB0-B19F-10E87F59E974}
	EndGlobalSection
	GlobalSection(ExtensibilityGlobals) = postSolution
		SolutionGuid = {35DE8C91-BC0C-4520-8C97-70CA77B24552}
	EndGlobalSection
EndGlobal
